
Microsoft Visual Studio Solution File, Format Version 12.00
Project("{FAE04EC0-301F-11D3-BF4B-00C04F79EFBC}") = "Fitwid", "Fitwid\Fitwid.csproj", "{351977CD-0BC0-4EE5-8BF4-4A7B575A4FB6}"
EndProject
Project("{FAE04EC0-301F-11D3-BF4B-00C04F79EFBC}") = "Tests", "Tests\Tests.csproj", "{364F9007-02F8-4AF4-9438-8AEF4E64B54F}"
EndProject
Global
	GlobalSection(SolutionConfigurationPlatforms) = preSolution
		Debug|Any CPU = Debug|Any CPU
		Release|Any CPU = Release|Any CPU
	EndGlobalSection
	GlobalSection(ProjectConfigurationPlatforms) = postSolution
		{351977CD-0BC0-4EE5-8BF4-4A7B575A4FB6}.Debug|Any CPU.ActiveCfg = Debug|Any CPU
		{351977CD-0BC0-4EE5-8BF4-4A7B575A4FB6}.Debug|Any CPU.Build.0 = Debug|Any CPU
		{351977CD-0BC0-4EE5-8BF4-4A7B575A4FB6}.Release|Any CPU.ActiveCfg = Release|Any CPU
		{351977CD-0BC0-4EE5-8BF4-4A7B575A4FB6}.Release|Any CPU.Build.0 = Release|Any CPU
		{364F9007-02F8-4AF4-9438-8AEF4E64B54F}.Debug|Any CPU.ActiveCfg = Debug|Any CPU
		{364F9007-02F8-4AF4-9438-8AEF4E64B54F}.Debug|Any CPU.Build.0 = Debug|Any CPU
		{364F9007-02F8-4AF4-9438-8AEF4E64B54F}.Release|Any CPU.ActiveCfg = Release|Any CPU
		{364F9007-02F8-4AF4-9438-8AEF4E64B54F}.Release|Any CPU.Build.0 = Release|Any CPU
	EndGlobalSection
EndGlobal
